{
  "requires": true,
  "lockfileVersion": 1,
  "dependencies": {
    "@next/env": {
      "version": "12.1.0",
      "resolved": "http://r.npm.sankuai.com/@next/env/download/@next/env-12.1.0.tgz",
      "integrity": "sha1-c3EzmTmbNKpaAXcftzJytVsiwxQ="
    },
    "@next/swc-android-arm64": {
      "version": "12.1.0",
      "resolved": "http://r.npm.sankuai.com/@next/swc-android-arm64/download/@next/swc-android-arm64-12.1.0.tgz",
      "integrity": "sha1-hlujqa/CBP8r3upJ3WTVhwUAejk=",
      "optional": true
    },
    "@next/swc-darwin-arm64": {
      "version": "12.1.0",
      "resolved": "http://r.npm.sankuai.com/@next/swc-darwin-arm64/download/@next/swc-darwin-arm64-12.1.0.tgz",
      "integrity": "sha1-COi0EbiszQlQCe0S77wvHU1UcTU=",
      "optional": true
    },
    "@next/swc-darwin-x64": {
      "version": "12.1.0",
      "resolved": "http://r.npm.sankuai.com/@next/swc-darwin-x64/download/@next/swc-darwin-x64-12.1.0.tgz",
      "integrity": "sha1-/NaESXp26P6sqI2zw5RID/CwB80=",
      "optional": true
    },
    "@next/swc-linux-arm-gnueabihf": {
      "version": "12.1.0",
      "resolved": "http://r.npm.sankuai.com/@next/swc-linux-arm-gnueabihf/download/@next/swc-linux-arm-gnueabihf-12.1.0.tgz",
      "integrity": "sha1-nsY4CieTileZqqYDXCBbPEeEaKc=",
      "optional": true
    },
    "@next/swc-linux-arm64-gnu": {
      "version": "12.1.0",
      "resolved": "http://r.npm.sankuai.com/@next/swc-linux-arm64-gnu/download/@next/swc-linux-arm64-gnu-12.1.0.tgz",
      "integrity": "sha1-f0GW3/EEnOpHlgfHW4EDOuLb0JM=",
      "optional": true
    },
    "@next/swc-linux-arm64-musl": {
      "version": "12.1.0",
      "resolved": "http://r.npm.sankuai.com/@next/swc-linux-arm64-musl/download/@next/swc-linux-arm64-musl-12.1.0.tgz",
      "integrity": "sha1-tEX3Z1ac3C3d7nhcpJXhqIwCVWY=",
      "optional": true
    },
    "@next/swc-linux-x64-gnu": {
      "version": "12.1.0",
      "resolved": "http://r.npm.sankuai.com/@next/swc-linux-x64-gnu/download/@next/swc-linux-x64-gnu-12.1.0.tgz",
      "integrity": "sha1-Z2EOm+T7yYfedTXxvLF+Rf4S+Q4=",
      "optional": true
    },
    "@next/swc-linux-x64-musl": {
      "version": "12.1.0",
      "resolved": "http://r.npm.sankuai.com/@next/swc-linux-x64-musl/download/@next/swc-linux-x64-musl-12.1.0.tgz",
      "integrity": "sha1-6hmiPbCKny40rDBAH3dM99FmnTE=",
      "optional": true
    },
    "@next/swc-win32-arm64-msvc": {
      "version": "12.1.0",
      "resolved": "http://r.npm.sankuai.com/@next/swc-win32-arm64-msvc/download/@next/swc-win32-arm64-msvc-12.1.0.tgz",
      "integrity": "sha1-6t8FT8QSCFZZuY4UVDW7uiALUoM=",
      "optional": true
    },
    "@next/swc-win32-ia32-msvc": {
      "version": "12.1.0",
      "resolved": "http://r.npm.sankuai.com/@next/swc-win32-ia32-msvc/download/@next/swc-win32-ia32-msvc-12.1.0.tgz",
      "integrity": "sha1-aPrq4QyJ9pi/nSh1kXK3TJwhvaE=",
      "optional": true
    },
    "@next/swc-win32-x64-msvc": {
      "version": "12.1.0",
      "resolved": "http://r.npm.sankuai.com/@next/swc-win32-x64-msvc/download/@next/swc-win32-x64-msvc-12.1.0.tgz",
      "integrity": "sha1-0n5+dsh6RgpNqZxb/bFhjc1s0GQ=",
      "optional": true
    },
    "caniuse-lite": {
      "version": "1.0.30001336",
      "resolved": "http://r.npm.sankuai.com/caniuse-lite/download/caniuse-lite-1.0.30001336.tgz",
      "integrity": "sha1-qesT7dJhP0GOvGMsjWyauf3nzMQ="
    },
    "js-tokens": {
      "version": "4.0.0",
      "resolved": "http://r.npm.sankuai.com/js-tokens/download/js-tokens-4.0.0.tgz",
      "integrity": "sha1-GSA/tZmR35jjoocFDUZHzerzJJk="
    },
    "loose-envify": {
      "version": "1.4.0",
      "resolved": "http://r.npm.sankuai.com/loose-envify/download/loose-envify-1.4.0.tgz",
      "integrity": "sha1-ce5R+nvkyuwaY4OffmgtgTLTDK8=",
      "requires": {
        "js-tokens": "^3.0.0 || ^4.0.0"
      }
    },
    "nanoid": {
      "version": "3.3.4",
      "resolved": "http://r.npm.sankuai.com/nanoid/download/nanoid-3.3.4.tgz",
      "integrity": "sha1-cwtn480J4t6s8DwCfIHJ2dvF6Ks="
    },
    "next": {
      "version": "12.1.0",
      "resolved": "http://r.npm.sankuai.com/next/download/next-12.1.0.tgz",
      "integrity": "sha1-wz11O2RL6S/FjgblohTxQ9ph3V0=",
      "requires": {
        "@next/env": "12.1.0",
        "@next/swc-android-arm64": "12.1.0",
        "@next/swc-darwin-arm64": "12.1.0",
        "@next/swc-darwin-x64": "12.1.0",
        "@next/swc-linux-arm-gnueabihf": "12.1.0",
        "@next/swc-linux-arm64-gnu": "12.1.0",
        "@next/swc-linux-arm64-musl": "12.1.0",
        "@next/swc-linux-x64-gnu": "12.1.0",
        "@next/swc-linux-x64-musl": "12.1.0",
        "@next/swc-win32-arm64-msvc": "12.1.0",
        "@next/swc-win32-ia32-msvc": "12.1.0",
        "@next/swc-win32-x64-msvc": "12.1.0",
        "caniuse-lite": "^1.0.30001283",
        "postcss": "8.4.5",
        "styled-jsx": "5.0.0",
        "use-subscription": "1.5.1"
      }
    },
    "object-assign": {
      "version": "4.1.1",
      "resolved": "http://r.npm.sankuai.com/object-assign/download/object-assign-4.1.1.tgz",
      "integrity": "sha1-IQmtx5ZYh8/AXLvUQsrIv7s2CGM="
    },
    "picocolors": {
      "version": "1.0.0",
      "resolved": "http://r.npm.sankuai.com/picocolors/download/picocolors-1.0.0.tgz",
      "integrity": "sha1-y1vcdP8/UYkiNur3nWi8RFZKuBw="
    },
    "postcss": {
      "version": "8.4.5",
      "resolved": "http://r.npm.sankuai.com/postcss/download/postcss-8.4.5.tgz",
      "integrity": "sha1-uuZldk39TG/MJNwP3356oAzHf5U=",
      "requires": {
        "nanoid": "^3.1.30",
        "picocolors": "^1.0.0",
        "source-map-js": "^1.0.1"
      }
    },
    "react": {
      "version": "17.0.2",
      "resolved": "http://r.npm.sankuai.com/react/download/react-17.0.2.tgz",
      "integrity": "sha1-0LXMUW0p6z7uOD91tihkz7aAADc=",
      "requires": {
        "loose-envify": "^1.1.0",
        "object-assign": "^4.1.1"
      }
    },
    "react-dom": {
      "version": "17.0.2",
      "resolved": "http://r.npm.sankuai.com/react-dom/download/react-dom-17.0.2.tgz",
      "integrity": "sha1-7P+2hF462Nv83EmPDQqTlzZQLCM=",
      "requires": {
        "loose-envify": "^1.1.0",
        "object-assign": "^4.1.1",
        "scheduler": "^0.20.2"
      }
    },
    "scheduler": {
      "version": "0.20.2",
      "resolved": "http://r.npm.sankuai.com/scheduler/download/scheduler-0.20.2.tgz",
      "integrity": "sha1-S67jlDbjSqk7SHS93L8P6Li1DpE=",
      "requires": {
        "loose-envify": "^1.1.0",
        "object-assign": "^4.1.1"
      }
    },
    "source-map-js": {
      "version": "1.0.2",
      "resolved": "http://r.npm.sankuai.com/source-map-js/download/source-map-js-1.0.2.tgz",
      "integrity": "sha1-rbw2HZxi3zgBJefxYfccgm8eSQw="
    },
    "styled-jsx": {
      "version": "5.0.0",
      "resolved": "http://r.npm.sankuai.com/styled-jsx/download/styled-jsx-5.0.0.tgz",
      "integrity": "sha1-gWtLkuB7F4bGtxEYIXUOC6TSbnc="
    },
    "use-subscription": {
      "version": "1.5.1",
      "resolved": "http://r.npm.sankuai.com/use-subscription/download/use-subscription-1.5.1.tgz",
      "integrity": "sha1-c1ARB/AvrYTG3VeWW+sLdcaMQtE=",
      "requires": {
        "object-assign": "^4.1.1"
      }
    }
  }
}
